
Microsoft Visual Studio Solution File, Format Version 12.00
# Visual Studio Version 17
VisualStudioVersion = 17.1.32421.90
MinimumVisualStudioVersion = 10.0.40219.1
Project("{9A19103F-16F7-4668-BE54-9A1E7A4F7556}") = "Todos", "src\Todos\Todos.csproj", "{BC84CC6A-D0B4-44D1-A313-80740CF90118}"
EndProject
Project("{2150E333-8FDC-42A3-9474-1A3956D46DE8}") = "src", "src", "{4A943282-FAE4-4C92-B286-C23E5F556C29}"
EndProject
Project("{2150E333-8FDC-42A3-9474-1A3956D46DE8}") = "tests", "tests", "{1EA3003E-35EF-40C0-A097-2E80AF579107}"
EndProject
Project("{9A19103F-16F7-4668-BE54-9A1E7A4F7556}") = "Todos.Tests", "test\Todos.Tests\Todos.Tests.csproj", "{D1342309-17F1-490B-914B-BFB9BA7F86D7}"
EndProject
Project("{2150E333-8FDC-42A3-9474-1A3956D46DE8}") = "build", "build", "{6F8FE822-558A-46D3-B87F-3DD962EF2E47}"
	ProjectSection(SolutionItems) = preProject
		.editorconfig = .editorconfig
		.gitignore = .gitignore
		README.md = README.md
	EndProjectSection
EndProject
Global
	GlobalSection(SolutionConfigurationPlatforms) = preSolution
		Debug|Any CPU = Debug|Any CPU
		Release|Any CPU = Release|Any CPU
	EndGlobalSection
	GlobalSection(ProjectConfigurationPlatforms) = postSolution
		{BC84CC6A-D0B4-44D1-A313-80740CF90118}.Debug|Any CPU.ActiveCfg = Debug|Any CPU
		{BC84CC6A-D0B4-44D1-A313-80740CF90118}.Debug|Any CPU.Build.0 = Debug|Any CPU
		{BC84CC6A-D0B4-44D1-A313-80740CF90118}.Release|Any CPU.ActiveCfg = Release|Any CPU
		{BC84CC6A-D0B4-44D1-A313-80740CF90118}.Release|Any CPU.Build.0 = Release|Any CPU
		{D1342309-17F1-490B-914B-BFB9BA7F86D7}.Debug|Any CPU.ActiveCfg = Debug|Any CPU
		{D1342309-17F1-490B-914B-BFB9BA7F86D7}.Debug|Any CPU.Build.0 = Debug|Any CPU
		{D1342309-17F1-490B-914B-BFB9BA7F86D7}.Release|Any CPU.ActiveCfg = Release|Any CPU
		{D1342309-17F1-490B-914B-BFB9BA7F86D7}.Release|Any CPU.Build.0 = Release|Any CPU
	EndGlobalSection
	GlobalSection(SolutionProperties) = preSolution
		HideSolutionNode = FALSE
	EndGlobalSection
	GlobalSection(NestedProjects) = preSolution
		{BC84CC6A-D0B4-44D1-A313-80740CF90118} = {4A943282-FAE4-4C92-B286-C23E5F556C29}
		{D1342309-17F1-490B-914B-BFB9BA7F86D7} = {1EA3003E-35EF-40C0-A097-2E80AF579107}
	EndGlobalSection
	GlobalSection(ExtensibilityGlobals) = postSolution
		SolutionGuid = {1BF08F66-C74D-4E54-99DF-0C20AF5877B1}
	EndGlobalSection
EndGlobal
